
Microsoft Visual Studio Solution File, Format Version 12.00
# Visual Studio Version 17
VisualStudioVersion = 17.5.33502.453
MinimumVisualStudioVersion = 10.0.40219.1
Project("{FAE04EC0-301F-11D3-BF4B-00C04F79EFBC}") = "Directum_Test_Json", "Directum_Test_Json.csproj", "{9676DA78-7794-4797-BF4A-3C6856906FC3}"
EndProject
Global
	GlobalSection(SolutionConfigurationPlatforms) = preSolution
		Debug|Any CPU = Debug|Any CPU
		Release|Any CPU = Release|Any CPU
	EndGlobalSection
	GlobalSection(ProjectConfigurationPlatforms) = postSolution
		{9676DA78-7794-4797-BF4A-3C6856906FC3}.Debug|Any CPU.ActiveCfg = Debug|Any CPU
		{9676DA78-7794-4797-BF4A-3C6856906FC3}.Debug|Any CPU.Build.0 = Debug|Any CPU
		{9676DA78-7794-4797-BF4A-3C6856906FC3}.Release|Any CPU.ActiveCfg = Release|Any CPU
		{9676DA78-7794-4797-BF4A-3C6856906FC3}.Release|Any CPU.Build.0 = Release|Any CPU
	EndGlobalSection
	GlobalSection(SolutionProperties) = preSolution
		HideSolutionNode = FALSE
	EndGlobalSection
	GlobalSection(ExtensibilityGlobals) = postSolution
		SolutionGuid = {CFFE211E-C514-4100-ACA3-F804E68A659E}
	EndGlobalSection
EndGlobal
